<?xml version="1.0" encoding="utf-8"?>
<Project ToolsVersion="4.0" xmlns="http://schemas.microsoft.com/developer/msbuild/2003">
  <ItemGroup>
    <Filter Include="源文件">
      <UniqueIdentifier>{4FC737F1-C7A5-4376-A066-2A32D752A2FF}</UniqueIdentifier>
      <Extensions>cpp;c;cc;cxx;c++;cppm;ixx;def;odl;idl;hpj;bat;asm;asmx</Extensions>
    </Filter>
    <Filter Include="头文件">
      <UniqueIdentifier>{93995380-89BD-4b04-88EB-625FBE52EBFB}</UniqueIdentifier>
      <Extensions>h;hh;hpp;hxx;h++;hm;inl;inc;ipp;xsd</Extensions>
    </Filter>
    <Filter Include="资源文件">
      <UniqueIdentifier>{67DA6AB6-F800-4c08-8B7A-83BB121AAD01}</UniqueIdentifier>
      <Extensions>rc;ico;cur;bmp;dlg;rc2;rct;bin;rgs;gif;jpg;jpeg;jpe;resx;tiff;tif;png;wav;mfcribbon-ms</Extensions>
    </Filter>
  </ItemGroup>
  <ItemGroup>
    <ClCompile Include="Src\ArticleManagement.cpp">
      <Filter>源文件</Filter>
    </ClCompile>
    <ClCompile Include="Src\BasicWidget.cpp">
      <Filter>源文件</Filter>
    </ClCompile>
    <ClCompile Include="Src\LineEdit.cpp">
      <Filter>源文件</Filter>
    </ClCompile>
    <ClCompile Include="Src\main.cpp">
      <Filter>源文件</Filter>
    </ClCompile>
    <ClCompile Include="Src\Management.cpp">
      <Filter>源文件</Filter>
    </ClCompile>
    <ClCompile Include="Src\PushButton.cpp">
      <Filter>源文件</Filter>
    </ClCompile>
    <ClCompile Include="Src\Ranking.cpp">
      <Filter>源文件</Filter>
    </ClCompile>
    <ClCompile Include="Src\RankingData.cpp">
      <Filter>源文件</Filter>
    </ClCompile>
    <ClCompile Include="Src\Student.cpp">
      <Filter>源文件</Filter>
    </ClCompile>
    <ClCompile Include="Src\Table.cpp">
      <Filter>源文件</Filter>
    </ClCompile>
    <ClCompile Include="Src\Timer.cpp">
      <Filter>源文件</Filter>
    </ClCompile>
    <ClCompile Include="Src\window.cpp">
      <Filter>源文件</Filter>
    </ClCompile>
  </ItemGroup>
  <ItemGroup>
    <ClInclude Include="Inc\ArticleManagement.h">
      <Filter>头文件</Filter>
    </ClInclude>
    <ClInclude Include="Inc\BasicWidget.h">
      <Filter>头文件</Filter>
    </ClInclude>
    <ClInclude Include="Inc\Configure.h">
      <Filter>头文件</Filter>
    </ClInclude>
    <ClInclude Include="Inc\GAME.h">
      <Filter>头文件</Filter>
    </ClInclude>
    <ClInclude Include="Inc\LineEdit.h">
      <Filter>头文件</Filter>
    </ClInclude>
    <ClInclude Include="Inc\Management.h">
      <Filter>头文件</Filter>
    </ClInclude>
    <ClInclude Include="Inc\PushButton.h">
      <Filter>头文件</Filter>
    </ClInclude>
    <ClInclude Include="Inc\Ranking.h">
      <Filter>头文件</Filter>
    </ClInclude>
    <ClInclude Include="Inc\RankingData.h">
      <Filter>头文件</Filter>
    </ClInclude>
    <ClInclude Include="Inc\Student.h">
      <Filter>头文件</Filter>
    </ClInclude>
    <ClInclude Include="Inc\Table.h">
      <Filter>头文件</Filter>
    </ClInclude>
    <ClInclude Include="Inc\Timer.h">
      <Filter>头文件</Filter>
    </ClInclude>
    <ClInclude Include="Inc\typeparactise.h">
      <Filter>头文件</Filter>
    </ClInclude>
    <ClInclude Include="Inc\window.h">
      <Filter>头文件</Filter>
    </ClInclude>
  </ItemGroup>
  <ItemGroup>
    <Text Include="Articles\HighestScore.txt">
      <Filter>资源文件</Filter>
    </Text>
    <Text Include="Articles\Ranking.txt">
      <Filter>资源文件</Filter>
    </Text>
    <Text Include="Articles\word.txt">
      <Filter>资源文件</Filter>
    </Text>
    <Text Include="Articles\ArticleList.txt">
      <Filter>资源文件</Filter>
    </Text>
  </ItemGroup>
</Project>